
Microsoft Visual Studio Solution File, Format Version 12.00
# Visual Studio 15
VisualStudioVersion = 15.0.28307.705
MinimumVisualStudioVersion = 10.0.40219.1
Project("{FAE04EC0-301F-11D3-BF4B-00C04F79EFBC}") = "GraphDialog", "GraphDialog\GraphDialog.csproj", "{AF48C3A7-5B19-494F-ACB8-055C47ABC1B6}"
EndProject
Global
	GlobalSection(SolutionConfigurationPlatforms) = preSolution
		Debug|Any CPU = Debug|Any CPU
		Debug|x64 = Debug|x64
		Release|Any CPU = Release|Any CPU
		Release|x64 = Release|x64
	EndGlobalSection
	GlobalSection(ProjectConfigurationPlatforms) = postSolution
		{AF48C3A7-5B19-494F-ACB8-055C47ABC1B6}.Debug|Any CPU.ActiveCfg = Debug|Any CPU
		{AF48C3A7-5B19-494F-ACB8-055C47ABC1B6}.Debug|Any CPU.Build.0 = Debug|Any CPU
		{AF48C3A7-5B19-494F-ACB8-055C47ABC1B6}.Debug|x64.ActiveCfg = Debug|x64
		{AF48C3A7-5B19-494F-ACB8-055C47ABC1B6}.Debug|x64.Build.0 = Debug|x64
		{AF48C3A7-5B19-494F-ACB8-055C47ABC1B6}.Release|Any CPU.ActiveCfg = Release|Any CPU
		{AF48C3A7-5B19-494F-ACB8-055C47ABC1B6}.Release|Any CPU.Build.0 = Release|Any CPU
		{AF48C3A7-5B19-494F-ACB8-055C47ABC1B6}.Release|x64.ActiveCfg = Release|x64
		{AF48C3A7-5B19-494F-ACB8-055C47ABC1B6}.Release|x64.Build.0 = Release|x64
	EndGlobalSection
	GlobalSection(SolutionProperties) = preSolution
		HideSolutionNode = FALSE
	EndGlobalSection
	GlobalSection(ExtensibilityGlobals) = postSolution
		SolutionGuid = {671A0712-D31C-4094-A182-F7E32FFC07CD}
	EndGlobalSection
EndGlobal
